<?xml version="1.0" encoding="utf-8"?>
<Project ToolsVersion="4.0" xmlns="http://schemas.microsoft.com/developer/msbuild/2003">
  <ItemGroup>
    <Filter Include="Source Files">
      <UniqueIdentifier>{4FC737F1-C7A5-4376-A066-2A32D752A2FF}</UniqueIdentifier>
      <Extensions>cpp;c;cc;cxx;c++;cppm;ixx;def;odl;idl;hpj;bat;asm;asmx</Extensions>
    </Filter>
    <Filter Include="Header Files">
      <UniqueIdentifier>{93995380-89BD-4b04-88EB-625FBE52EBFB}</UniqueIdentifier>
      <Extensions>h;hh;hpp;hxx;h++;hm;inl;inc;ipp;xsd</Extensions>
    </Filter>
    <Filter Include="Resource Files">
      <UniqueIdentifier>{67DA6AB6-F800-4c08-8B7A-83BB121AAD01}</UniqueIdentifier>
      <Extensions>rc;ico;cur;bmp;dlg;rc2;rct;bin;rgs;gif;jpg;jpeg;jpe;resx;tiff;tif;png;wav;mfcribbon-ms</Extensions>
    </Filter>
    <Filter Include="Source Files\ImGui">
      <UniqueIdentifier>{53d4b9e1-9d27-4659-89ea-b4329cf57a1c}</UniqueIdentifier>
    </Filter>
    <Filter Include="Header Files\ImGui">
      <UniqueIdentifier>{ce5da3c1-bbb5-4956-99ca-e89c2a5068af}</UniqueIdentifier>
    </Filter>
    <Filter Include="Header Files\Assimp">
      <UniqueIdentifier>{67d6b245-0f3c-4e87-b4d8-3a88c58648e2}</UniqueIdentifier>
    </Filter>
    <Filter Include="Header Files\stb">
      <UniqueIdentifier>{83d28156-8b59-4676-bbd2-9a605e913b45}</UniqueIdentifier>
    </Filter>
    <Filter Include="Resource Files\HLSL">
      <UniqueIdentifier>{bb57c794-0ae8-44ba-be99-a74e2918707c}</UniqueIdentifier>
    </Filter>
    <Filter Include="Resource Files\GLSL">
      <UniqueIdentifier>{5dc7f038-3e70-41ce-ab03-6fa17b6fec6e}</UniqueIdentifier>
    </Filter>
  </ItemGroup>
  <ItemGroup>
    <ClInclude Include="Source\ConsoleLogger.h">
      <Filter>Header Files</Filter>
    </ClInclude>
    <ClInclude Include="..\Dependencies\ImGui\imconfig.h">
      <Filter>Header Files\ImGui</Filter>
    </ClInclude>
    <ClInclude Include="..\Dependencies\ImGui\imgui.h">
      <Filter>Header Files\ImGui</Filter>
    </ClInclude>
    <ClInclude Include="..\Dependencies\ImGui\imgui_impl_glfw.h">
      <Filter>Header Files\ImGui</Filter>
    </ClInclude>
    <ClInclude Include="..\Dependencies\ImGui\imgui_impl_vulkan.h">
      <Filter>Header Files\ImGui</Filter>
    </ClInclude>
    <ClInclude Include="..\Dependencies\ImGui\imgui_internal.h">
      <Filter>Header Files\ImGui</Filter>
    </ClInclude>
    <ClInclude Include="..\Dependencies\ImGui\imstb_rectpack.h">
      <Filter>Header Files\ImGui</Filter>
    </ClInclude>
    <ClInclude Include="..\Dependencies\ImGui\imstb_textedit.h">
      <Filter>Header Files\ImGui</Filter>
    </ClInclude>
    <ClInclude Include="..\Dependencies\ImGui\imstb_truetype.h">
      <Filter>Header Files\ImGui</Filter>
    </ClInclude>
    <ClInclude Include="..\Dependencies\ImGui\ImGuizmo.h">
      <Filter>Header Files\ImGui</Filter>
    </ClInclude>
    <ClInclude Include="Source\FreeCamera.h">
      <Filter>Header Files</Filter>
    </ClInclude>
    <ClInclude Include="Source\Transform.h">
      <Filter>Header Files</Filter>
    </ClInclude>
    <ClInclude Include="..\Dependencies\Include\assimp\aabb.h">
      <Filter>Header Files\Assimp</Filter>
    </ClInclude>
    <ClInclude Include="..\Dependencies\Include\assimp\ai_assert.h">
      <Filter>Header Files\Assimp</Filter>
    </ClInclude>
    <ClInclude Include="..\Dependencies\Include\assimp\anim.h">
      <Filter>Header Files\Assimp</Filter>
    </ClInclude>
    <ClInclude Include="..\Dependencies\Include\assimp\Base64.hpp">
      <Filter>Header Files\Assimp</Filter>
    </ClInclude>
    <ClInclude Include="..\Dependencies\Include\assimp\BaseImporter.h">
      <Filter>Header Files\Assimp</Filter>
    </ClInclude>
    <ClInclude Include="..\Dependencies\Include\assimp\Bitmap.h">
      <Filter>Header Files\Assimp</Filter>
    </ClInclude>
    <ClInclude Include="..\Dependencies\Include\assimp\BlobIOSystem.h">
      <Filter>Header Files\Assimp</Filter>
    </ClInclude>
    <ClInclude Include="..\Dependencies\Include\assimp\ByteSwapper.h">
      <Filter>Header Files\Assimp</Filter>
    </ClInclude>
    <ClInclude Include="..\Dependencies\Include\assimp\camera.h">
      <Filter>Header Files\Assimp</Filter>
    </ClInclude>
    <ClInclude Include="..\Dependencies\Include\assimp\cexport.h">
      <Filter>Header Files\Assimp</Filter>
    </ClInclude>
    <ClInclude Include="..\Dependencies\Include\assimp\cfileio.h">
      <Filter>Header Files\Assimp</Filter>
    </ClInclude>
    <ClInclude Include="..\Dependencies\Include\assimp\cimport.h">
      <Filter>Header Files\Assimp</Filter>
    </ClInclude>
    <ClInclude Include="..\Dependencies\Include\assimp\ColladaMetaData.h">
      <Filter>Header Files\Assimp</Filter>
    </ClInclude>
    <ClInclude Include="..\Dependencies\Include\assimp\color4.h">
      <Filter>Header Files\Assimp</Filter>
    </ClInclude>
    <ClInclude Include="..\Dependencies\Include\assimp\commonMetaData.h">
      <Filter>Header Files\Assimp</Filter>
    </ClInclude>
    <ClInclude Include="..\Dependencies\Include\assimp\config.h">
      <Filter>Header Files\Assimp</Filter>
    </ClInclude>
    <ClInclude Include="..\Dependencies\Include\assimp\CreateAnimMesh.h">
      <Filter>Header Files\Assimp</Filter>
    </ClInclude>
    <ClInclude Include="..\Dependencies\Include\assimp\DefaultIOStream.h">
      <Filter>Header Files\Assimp</Filter>
    </ClInclude>
    <ClInclude Include="..\Dependencies\Include\assimp\DefaultIOSystem.h">
      <Filter>Header Files\Assimp</Filter>
    </ClInclude>
    <ClInclude Include="..\Dependencies\Include\assimp\DefaultLogger.hpp">
      <Filter>Header Files\Assimp</Filter>
    </ClInclude>
    <ClInclude Include="..\Dependencies\Include\assimp\defs.h">
      <Filter>Header Files\Assimp</Filter>
    </ClInclude>
    <ClInclude Include="..\Dependencies\Include\assimp\Exceptional.h">
      <Filter>Header Files\Assimp</Filter>
    </ClInclude>
    <ClInclude Include="..\Dependencies\Include\assimp\Exporter.hpp">
      <Filter>Header Files\Assimp</Filter>
    </ClInclude>
    <ClInclude Include="..\Dependencies\Include\assimp\fast_atof.h">
      <Filter>Header Files\Assimp</Filter>
    </ClInclude>
    <ClInclude Include="..\Dependencies\Include\assimp\GenericProperty.h">
      <Filter>Header Files\Assimp</Filter>
    </ClInclude>
    <ClInclude Include="..\Dependencies\Include\assimp\GltfMaterial.h">
      <Filter>Header Files\Assimp</Filter>
    </ClInclude>
    <ClInclude Include="..\Dependencies\Include\assimp\Hash.h">
      <Filter>Header Files\Assimp</Filter>
    </ClInclude>
    <ClInclude Include="..\Dependencies\Include\assimp\Importer.hpp">
      <Filter>Header Files\Assimp</Filter>
    </ClInclude>
    <ClInclude Include="..\Dependencies\Include\assimp\importerdesc.h">
      <Filter>Header Files\Assimp</Filter>
    </ClInclude>
    <ClInclude Include="..\Dependencies\Include\assimp\IOStream.hpp">
      <Filter>Header Files\Assimp</Filter>
    </ClInclude>
    <ClInclude Include="..\Dependencies\Include\assimp\IOStreamBuffer.h">
      <Filter>Header Files\Assimp</Filter>
    </ClInclude>
    <ClInclude Include="..\Dependencies\Include\assimp\IOSystem.hpp">
      <Filter>Header Files\Assimp</Filter>
    </ClInclude>
    <ClInclude Include="..\Dependencies\Include\assimp\light.h">
      <Filter>Header Files\Assimp</Filter>
    </ClInclude>
    <ClInclude Include="..\Dependencies\Include\assimp\LineSplitter.h">
      <Filter>Header Files\Assimp</Filter>
    </ClInclude>
    <ClInclude Include="..\Dependencies\Include\assimp\LogAux.h">
      <Filter>Header Files\Assimp</Filter>
    </ClInclude>
    <ClInclude Include="..\Dependencies\Include\assimp\Logger.hpp">
      <Filter>Header Files\Assimp</Filter>
    </ClInclude>
    <ClInclude Include="..\Dependencies\Include\assimp\LogStream.hpp">
      <Filter>Header Files\Assimp</Filter>
    </ClInclude>
    <ClInclude Include="..\Dependencies\Include\assimp\material.h">
      <Filter>Header Files\Assimp</Filter>
    </ClInclude>
    <ClInclude Include="..\Dependencies\Include\assimp\MathFunctions.h">
      <Filter>Header Files\Assimp</Filter>
    </ClInclude>
    <ClInclude Include="..\Dependencies\Include\assimp\matrix3x3.h">
      <Filter>Header Files\Assimp</Filter>
    </ClInclude>
    <ClInclude Include="..\Dependencies\Include\assimp\matrix4x4.h">
      <Filter>Header Files\Assimp</Filter>
    </ClInclude>
    <ClInclude Include="..\Dependencies\Include\assimp\MemoryIOWrapper.h">
      <Filter>Header Files\Assimp</Filter>
    </ClInclude>
    <ClInclude Include="..\Dependencies\Include\assimp\mesh.h">
      <Filter>Header Files\Assimp</Filter>
    </ClInclude>
    <ClInclude Include="..\Dependencies\Include\assimp\metadata.h">
      <Filter>Header Files\Assimp</Filter>
    </ClInclude>
    <ClInclude Include="..\Dependencies\Include\assimp\NullLogger.hpp">
      <Filter>Header Files\Assimp</Filter>
    </ClInclude>
    <ClInclude Include="..\Dependencies\Include\assimp\ObjMaterial.h">
      <Filter>Header Files\Assimp</Filter>
    </ClInclude>
    <ClInclude Include="..\Dependencies\Include\assimp\ParsingUtils.h">
      <Filter>Header Files\Assimp</Filter>
    </ClInclude>
    <ClInclude Include="..\Dependencies\Include\assimp\pbrmaterial.h">
      <Filter>Header Files\Assimp</Filter>
    </ClInclude>
    <ClInclude Include="..\Dependencies\Include\assimp\postprocess.h">
      <Filter>Header Files\Assimp</Filter>
    </ClInclude>
    <ClInclude Include="..\Dependencies\Include\assimp\Profiler.h">
      <Filter>Header Files\Assimp</Filter>
    </ClInclude>
    <ClInclude Include="..\Dependencies\Include\assimp\ProgressHandler.hpp">
      <Filter>Header Files\Assimp</Filter>
    </ClInclude>
    <ClInclude Include="..\Dependencies\Include\assimp\qnan.h">
      <Filter>Header Files\Assimp</Filter>
    </ClInclude>
    <ClInclude Include="..\Dependencies\Include\assimp\quaternion.h">
      <Filter>Header Files\Assimp</Filter>
    </ClInclude>
    <ClInclude Include="..\Dependencies\Include\assimp\RemoveComments.h">
      <Filter>Header Files\Assimp</Filter>
    </ClInclude>
    <ClInclude Include="..\Dependencies\Include\assimp\scene.h">
      <Filter>Header Files\Assimp</Filter>
    </ClInclude>
    <ClInclude Include="..\Dependencies\Include\assimp\SceneCombiner.h">
      <Filter>Header Files\Assimp</Filter>
    </ClInclude>
    <ClInclude Include="..\Dependencies\Include\assimp\SGSpatialSort.h">
      <Filter>Header Files\Assimp</Filter>
    </ClInclude>
    <ClInclude Include="..\Dependencies\Include\assimp\SkeletonMeshBuilder.h">
      <Filter>Header Files\Assimp</Filter>
    </ClInclude>
    <ClInclude Include="..\Dependencies\Include\assimp\SmallVector.h">
      <Filter>Header Files\Assimp</Filter>
    </ClInclude>
    <ClInclude Include="..\Dependencies\Include\assimp\SmoothingGroups.h">
      <Filter>Header Files\Assimp</Filter>
    </ClInclude>
    <ClInclude Include="..\Dependencies\Include\assimp\SpatialSort.h">
      <Filter>Header Files\Assimp</Filter>
    </ClInclude>
    <ClInclude Include="..\Dependencies\Include\assimp\StandardShapes.h">
      <Filter>Header Files\Assimp</Filter>
    </ClInclude>
    <ClInclude Include="..\Dependencies\Include\assimp\StreamReader.h">
      <Filter>Header Files\Assimp</Filter>
    </ClInclude>
    <ClInclude Include="..\Dependencies\Include\assimp\StreamWriter.h">
      <Filter>Header Files\Assimp</Filter>
    </ClInclude>
    <ClInclude Include="..\Dependencies\Include\assimp\StringComparison.h">
      <Filter>Header Files\Assimp</Filter>
    </ClInclude>
    <ClInclude Include="..\Dependencies\Include\assimp\StringUtils.h">
      <Filter>Header Files\Assimp</Filter>
    </ClInclude>
    <ClInclude Include="..\Dependencies\Include\assimp\Subdivision.h">
      <Filter>Header Files\Assimp</Filter>
    </ClInclude>
    <ClInclude Include="..\Dependencies\Include\assimp\texture.h">
      <Filter>Header Files\Assimp</Filter>
    </ClInclude>
    <ClInclude Include="..\Dependencies\Include\assimp\TinyFormatter.h">
      <Filter>Header Files\Assimp</Filter>
    </ClInclude>
    <ClInclude Include="..\Dependencies\Include\assimp\types.h">
      <Filter>Header Files\Assimp</Filter>
    </ClInclude>
    <ClInclude Include="..\Dependencies\Include\assimp\vector2.h">
      <Filter>Header Files\Assimp</Filter>
    </ClInclude>
    <ClInclude Include="..\Dependencies\Include\assimp\vector3.h">
      <Filter>Header Files\Assimp</Filter>
    </ClInclude>
    <ClInclude Include="..\Dependencies\Include\assimp\version.h">
      <Filter>Header Files\Assimp</Filter>
    </ClInclude>
    <ClInclude Include="..\Dependencies\Include\assimp\Vertex.h">
      <Filter>Header Files\Assimp</Filter>
    </ClInclude>
    <ClInclude Include="..\Dependencies\Include\assimp\XmlParser.h">
      <Filter>Header Files\Assimp</Filter>
    </ClInclude>
    <ClInclude Include="..\Dependencies\Include\assimp\XMLTools.h">
      <Filter>Header Files\Assimp</Filter>
    </ClInclude>
    <ClInclude Include="..\Dependencies\Include\assimp\ZipArchiveIOSystem.h">
      <Filter>Header Files\Assimp</Filter>
    </ClInclude>
    <ClInclude Include="..\Dependencies\stb\stb_image_write.h">
      <Filter>Header Files\stb</Filter>
    </ClInclude>
    <ClInclude Include="..\Dependencies\stb\stb_image.h">
      <Filter>Header Files\stb</Filter>
    </ClInclude>
    <ClInclude Include="..\Dependencies\stb\stb_image_resize2.h">
      <Filter>Header Files\stb</Filter>
    </ClInclude>
  </ItemGroup>
  <ItemGroup>
    <ClCompile Include="Source\VulkanTutorial.cpp">
      <Filter>Source Files</Filter>
    </ClCompile>
    <ClCompile Include="Source\ConsoleLogger.cpp">
      <Filter>Source Files</Filter>
    </ClCompile>
    <ClCompile Include="..\Dependencies\ImGui\imgui.cpp">
      <Filter>Source Files\ImGui</Filter>
    </ClCompile>
    <ClCompile Include="..\Dependencies\ImGui\imgui_demo.cpp">
      <Filter>Source Files\ImGui</Filter>
    </ClCompile>
    <ClCompile Include="..\Dependencies\ImGui\imgui_draw.cpp">
      <Filter>Source Files\ImGui</Filter>
    </ClCompile>
    <ClCompile Include="..\Dependencies\ImGui\imgui_impl_glfw.cpp">
      <Filter>Source Files\ImGui</Filter>
    </ClCompile>
    <ClCompile Include="..\Dependencies\ImGui\imgui_impl_vulkan.cpp">
      <Filter>Source Files\ImGui</Filter>
    </ClCompile>
    <ClCompile Include="..\Dependencies\ImGui\imgui_tables.cpp">
      <Filter>Source Files\ImGui</Filter>
    </ClCompile>
    <ClCompile Include="..\Dependencies\ImGui\imgui_widgets.cpp">
      <Filter>Source Files\ImGui</Filter>
    </ClCompile>
    <ClCompile Include="..\Dependencies\ImGui\ImGuizmo.cpp">
      <Filter>Source Files\ImGui</Filter>
    </ClCompile>
    <ClCompile Include="Source\FreeCamera.cpp">
      <Filter>Source Files</Filter>
    </ClCompile>
    <ClCompile Include="Source\Transform.cpp">
      <Filter>Source Files</Filter>
    </ClCompile>
  </ItemGroup>
  <ItemGroup>
    <None Include="..\Dependencies\Include\assimp\.editorconfig" />
    <None Include="..\Dependencies\Include\assimp\config.h.in" />
    <None Include="..\Dependencies\Include\assimp\color4.inl">
      <Filter>Header Files\Assimp</Filter>
    </None>
    <None Include="..\Dependencies\Include\assimp\material.inl">
      <Filter>Header Files\Assimp</Filter>
    </None>
    <None Include="..\Dependencies\Include\assimp\matrix3x3.inl">
      <Filter>Header Files\Assimp</Filter>
    </None>
    <None Include="..\Dependencies\Include\assimp\matrix4x4.inl">
      <Filter>Header Files\Assimp</Filter>
    </None>
    <None Include="..\Dependencies\Include\assimp\quaternion.inl">
      <Filter>Header Files\Assimp</Filter>
    </None>
    <None Include="..\Dependencies\Include\assimp\SmoothingGroups.inl">
      <Filter>Header Files\Assimp</Filter>
    </None>
    <None Include="..\Dependencies\Include\assimp\vector2.inl">
      <Filter>Header Files\Assimp</Filter>
    </None>
    <None Include="..\Dependencies\Include\assimp\vector3.inl">
      <Filter>Header Files\Assimp</Filter>
    </None>
    <None Include="..\Shaders\HLSL\compileHLSL.bat">
      <Filter>Resource Files\HLSL</Filter>
    </None>
    <None Include="..\Shaders\HLSL\particle.hlsl">
      <Filter>Resource Files\HLSL</Filter>
    </None>
    <None Include="..\Shaders\HLSL\vert.hlsl">
      <Filter>Resource Files\HLSL</Filter>
    </None>
    <None Include="..\Shaders\HLSL\frag.hlsl">
      <Filter>Resource Files\HLSL</Filter>
    </None>
    <None Include="..\Shaders\GLSL\compileGLSL.bat">
      <Filter>Resource Files\GLSL</Filter>
    </None>
    <None Include="..\Shaders\GLSL\particle.comp">
      <Filter>Resource Files\GLSL</Filter>
    </None>
    <None Include="..\Shaders\GLSL\shader.frag">
      <Filter>Resource Files\GLSL</Filter>
    </None>
    <None Include="..\Shaders\GLSL\shader.vert">
      <Filter>Resource Files\GLSL</Filter>
    </None>
  </ItemGroup>
</Project>