<?xml version="1.0" encoding="utf-8"?>
<Project ToolsVersion="4.0" xmlns="http://schemas.microsoft.com/developer/msbuild/2003">
  <ItemGroup>
    <Filter Include="Source Files">
      <UniqueIdentifier>{4FC737F1-C7A5-4376-A066-2A32D752A2FF}</UniqueIdentifier>
      <Extensions>cpp;c;cc;cxx;c++;cppm;ixx;def;odl;idl;hpj;bat;asm;asmx</Extensions>
    </Filter>
    <Filter Include="Header Files">
      <UniqueIdentifier>{93995380-89BD-4b04-88EB-625FBE52EBFB}</UniqueIdentifier>
      <Extensions>h;hh;hpp;hxx;h++;hm;inl;inc;ipp;xsd</Extensions>
    </Filter>
    <Filter Include="Resource Files">
      <UniqueIdentifier>{67DA6AB6-F800-4c08-8B7A-83BB121AAD01}</UniqueIdentifier>
      <Extensions>rc;ico;cur;bmp;dlg;rc2;rct;bin;rgs;gif;jpg;jpeg;jpe;resx;tiff;tif;png;wav;mfcribbon-ms</Extensions>
    </Filter>
    <Filter Include="Source Files\ImGui">
      <UniqueIdentifier>{53d4b9e1-9d27-4659-89ea-b4329cf57a1c}</UniqueIdentifier>
    </Filter>
    <Filter Include="Header Files\ImGui">
      <UniqueIdentifier>{ce5da3c1-bbb5-4956-99ca-e89c2a5068af}</UniqueIdentifier>
    </Filter>
    <Filter Include="Header Files\Assimp">
      <UniqueIdentifier>{67d6b245-0f3c-4e87-b4d8-3a88c58648e2}</UniqueIdentifier>
    </Filter>
    <Filter Include="Header Files\stb">
      <UniqueIdentifier>{83d28156-8b59-4676-bbd2-9a605e913b45}</UniqueIdentifier>
    </Filter>
    <Filter Include="Resource Files\HLSL">
      <UniqueIdentifier>{bb57c794-0ae8-44ba-be99-a74e2918707c}</UniqueIdentifier>
    </Filter>
    <Filter Include="Resource Files\GLSL">
      <UniqueIdentifier>{5dc7f038-3e70-41ce-ab03-6fa17b6fec6e}</UniqueIdentifier>
    </Filter>
    <Filter Include="Header Files\BEAR">
      <UniqueIdentifier>{eac902a8-2a45-40c3-a125-5ea01f118b36}</UniqueIdentifier>
    </Filter>
    <Filter Include="Header Files\VulkanSpecific">
      <UniqueIdentifier>{d56ace6e-ad1f-40c5-8e54-ea5438a01ad6}</UniqueIdentifier>
    </Filter>
    <Filter Include="Header Files\Utils">
      <UniqueIdentifier>{7029c272-fd52-4efc-9f36-1cd8c9ab2f99}</UniqueIdentifier>
    </Filter>
    <Filter Include="Source Files\Utils">
      <UniqueIdentifier>{53559214-27d7-4c53-8e7a-6b390c50022b}</UniqueIdentifier>
    </Filter>
    <Filter Include="Header Files\wVkHelpers">
      <UniqueIdentifier>{895c8e17-04ef-4aa4-a783-d30af3620fe6}</UniqueIdentifier>
    </Filter>
    <Filter Include="Source Files\BEAR">
      <UniqueIdentifier>{04f83770-ec7f-49a5-bda5-cbc8dc659bd6}</UniqueIdentifier>
    </Filter>
  </ItemGroup>
  <ItemGroup>
    <ClInclude Include="BEARHeaders\BLAS.h">
      <Filter>Header Files\BEAR</Filter>
    </ClInclude>
    <ClInclude Include="BEARHeaders\Buffer.h">
      <Filter>Header Files\BEAR</Filter>
    </ClInclude>
    <ClInclude Include="BEARHeaders\CommandList.h">
      <Filter>Header Files\BEAR</Filter>
    </ClInclude>
    <ClInclude Include="BEARHeaders\ComputePipelineDescription.h">
      <Filter>Header Files\BEAR</Filter>
    </ClInclude>
    <ClInclude Include="BEARHeaders\ResourceDescriptorHeap.h">
      <Filter>Header Files\BEAR</Filter>
    </ClInclude>
    <ClInclude Include="BEARHeaders\Sampler.h">
      <Filter>Header Files\BEAR</Filter>
    </ClInclude>
    <ClInclude Include="BEARHeaders\SamplerDescriptorHeap.h">
      <Filter>Header Files\BEAR</Filter>
    </ClInclude>
    <ClInclude Include="BEARHeaders\ShaderLayout.h">
      <Filter>Header Files\BEAR</Filter>
    </ClInclude>
    <ClInclude Include="BEARHeaders\Texture.h">
      <Filter>Header Files\BEAR</Filter>
    </ClInclude>
    <ClInclude Include="BEARHeaders\TLAS.h">
      <Filter>Header Files\BEAR</Filter>
    </ClInclude>
    <ClInclude Include="BEARVulkan\TypeDefs.h">
      <Filter>Header Files\VulkanSpecific</Filter>
    </ClInclude>
    <ClInclude Include="Utils\ConsoleLogger.h">
      <Filter>Header Files\Utils</Filter>
    </ClInclude>
    <ClInclude Include="Utils\FreeCamera.h">
      <Filter>Header Files\Utils</Filter>
    </ClInclude>
    <ClInclude Include="Utils\Transform.h">
      <Filter>Header Files\Utils</Filter>
    </ClInclude>
    <ClInclude Include="BEARVulkan\wVkGlobalVariables.h">
      <Filter>Header Files</Filter>
    </ClInclude>
    <ClInclude Include="BEARHeaders\BackEndRenderer.h">
      <Filter>Header Files</Filter>
    </ClInclude>
    <ClInclude Include="BEARVulkan\wVkHelpers\wVkCommands.h">
      <Filter>Header Files\VulkanSpecific</Filter>
    </ClInclude>
    <ClInclude Include="BEARVulkan\wVkHelpers\wVkDebug.h">
      <Filter>Header Files\VulkanSpecific</Filter>
    </ClInclude>
    <ClInclude Include="BEARVulkan\wVkHelpers\wVkDepth.h">
      <Filter>Header Files\VulkanSpecific</Filter>
    </ClInclude>
    <ClInclude Include="BEARVulkan\wVkHelpers\wVkImGui.h">
      <Filter>Header Files\VulkanSpecific</Filter>
    </ClInclude>
    <ClInclude Include="BEARVulkan\wVkHelpers\wVkInstance.h">
      <Filter>Header Files\VulkanSpecific</Filter>
    </ClInclude>
    <ClInclude Include="BEARVulkan\wVkHelpers\wVkLogicalDevice.h">
      <Filter>Header Files\VulkanSpecific</Filter>
    </ClInclude>
    <ClInclude Include="BEARVulkan\wVkHelpers\wVkPhysicalDevice.h">
      <Filter>Header Files\VulkanSpecific</Filter>
    </ClInclude>
    <ClInclude Include="BEARVulkan\wVkHelpers\wVkQueueFamilies.h">
      <Filter>Header Files\VulkanSpecific</Filter>
    </ClInclude>
    <ClInclude Include="BEARVulkan\wVkHelpers\wVkSwapchain.h">
      <Filter>Header Files\VulkanSpecific</Filter>
    </ClInclude>
    <ClInclude Include="BEARVulkan\wVkConstants.h">
      <Filter>Header Files</Filter>
    </ClInclude>
    <ClInclude Include="BEARVulkan\wVkHelpers\wVkTemp.h">
      <Filter>Header Files\VulkanSpecific</Filter>
    </ClInclude>
    <ClInclude Include="BEARVulkan\wVkHelpers\wVkTexture.h">
      <Filter>Header Files\VulkanSpecific</Filter>
    </ClInclude>
    <ClInclude Include="BEARVulkan\wVkHelpers\wVkHelpers.h">
      <Filter>Header Files</Filter>
    </ClInclude>
    <ClInclude Include="BEARVulkan\wVkHelpers\wVkDescriptorHeap.h">
      <Filter>Header Files</Filter>
    </ClInclude>
  </ItemGroup>
  <ItemGroup>
    <ClCompile Include="Source\VulkanTutorial.cpp">
      <Filter>Source Files</Filter>
    </ClCompile>
    <ClCompile Include="Utils\ConsoleLogger.cpp">
      <Filter>Source Files\Utils</Filter>
    </ClCompile>
    <ClCompile Include="Utils\FreeCamera.cpp">
      <Filter>Source Files\Utils</Filter>
    </ClCompile>
    <ClCompile Include="Utils\Transform.cpp">
      <Filter>Source Files\Utils</Filter>
    </ClCompile>
    <ClCompile Include="BEARVulkan\wVkGlobalVariables.cpp">
      <Filter>Source Files</Filter>
    </ClCompile>
    <ClCompile Include="BEARVulkan\BLAS.cpp">
      <Filter>Source Files\BEAR</Filter>
    </ClCompile>
    <ClCompile Include="BEARVulkan\BackEndRenderer.cpp">
      <Filter>Source Files\BEAR</Filter>
    </ClCompile>
    <ClCompile Include="BEARVulkan\Buffer.cpp">
      <Filter>Source Files\BEAR</Filter>
    </ClCompile>
    <ClCompile Include="BEARVulkan\CommandList.cpp">
      <Filter>Source Files\BEAR</Filter>
    </ClCompile>
    <ClCompile Include="BEARVulkan\ComputePipelineDescription.cpp">
      <Filter>Source Files\BEAR</Filter>
    </ClCompile>
    <ClCompile Include="BEARVulkan\ResourceDescriptorHeap.cpp">
      <Filter>Source Files\BEAR</Filter>
    </ClCompile>
    <ClCompile Include="BEARVulkan\Sampler.cpp">
      <Filter>Source Files\BEAR</Filter>
    </ClCompile>
    <ClCompile Include="BEARVulkan\SamplerDescriptorHeap.cpp">
      <Filter>Source Files\BEAR</Filter>
    </ClCompile>
    <ClCompile Include="BEARVulkan\ShaderLayout.cpp">
      <Filter>Source Files\BEAR</Filter>
    </ClCompile>
    <ClCompile Include="BEARVulkan\Texture.cpp">
      <Filter>Source Files\BEAR</Filter>
    </ClCompile>
    <ClCompile Include="BEARVulkan\TLAS.cpp">
      <Filter>Source Files\BEAR</Filter>
    </ClCompile>
  </ItemGroup>
  <ItemGroup>
    <None Include="..\Shaders\HLSL\compileHLSL.bat">
      <Filter>Resource Files\HLSL</Filter>
    </None>
    <None Include="..\Shaders\GLSL\compileGLSL.bat">
      <Filter>Resource Files\GLSL</Filter>
    </None>
    <None Include="..\Shaders\GLSL\particle.comp">
      <Filter>Resource Files\GLSL</Filter>
    </None>
    <None Include="..\Shaders\GLSL\shader.frag">
      <Filter>Resource Files\GLSL</Filter>
    </None>
    <None Include="..\Shaders\GLSL\shader.vert">
      <Filter>Resource Files\GLSL</Filter>
    </None>
    <None Include="..\Shaders\HLSL\frag.hlsl">
      <Filter>Resource Files\HLSL</Filter>
    </None>
    <None Include="..\Shaders\HLSL\particle.hlsl">
      <Filter>Resource Files\HLSL</Filter>
    </None>
    <None Include="..\Shaders\HLSL\vert.hlsl">
      <Filter>Resource Files\HLSL</Filter>
    </None>
  </ItemGroup>
</Project>